
Microsoft Visual Studio Solution File, Format Version 12.00
# Visual Studio Version 16
VisualStudioVersion = 16.0.808.6
MinimumVisualStudioVersion = 10.0.40219.1
Project("{9A19103F-16F7-4668-BE54-9A1E7A4F7556}") = "Database", "Database\Database.csproj", "{72DDF11B-20C8-406E-8D6C-F2850818E33B}"
EndProject
Project("{9A19103F-16F7-4668-BE54-9A1E7A4F7556}") = "DAL", "DAL\DAL.csproj", "{1DCB706C-251F-4269-9ECB-D5095153EAFA}"
EndProject
Project("{9A19103F-16F7-4668-BE54-9A1E7A4F7556}") = "ViewModel", "Model\ViewModel.csproj", "{A2EC6850-580F-491B-9C19-630DB2FD20E1}"
EndProject
Project("{9A19103F-16F7-4668-BE54-9A1E7A4F7556}") = "MainProject", "MainProject\MainProject.csproj", "{A7BE0D71-AF1A-49AE-9BCC-999F6A3921C5}"
EndProject
Global
	GlobalSection(SolutionConfigurationPlatforms) = preSolution
		Debug|Any CPU = Debug|Any CPU
		Release|Any CPU = Release|Any CPU
	EndGlobalSection
	GlobalSection(ProjectConfigurationPlatforms) = postSolution
		{72DDF11B-20C8-406E-8D6C-F2850818E33B}.Debug|Any CPU.ActiveCfg = Debug|Any CPU
		{72DDF11B-20C8-406E-8D6C-F2850818E33B}.Debug|Any CPU.Build.0 = Debug|Any CPU
		{72DDF11B-20C8-406E-8D6C-F2850818E33B}.Release|Any CPU.ActiveCfg = Release|Any CPU
		{72DDF11B-20C8-406E-8D6C-F2850818E33B}.Release|Any CPU.Build.0 = Release|Any CPU
		{1DCB706C-251F-4269-9ECB-D5095153EAFA}.Debug|Any CPU.ActiveCfg = Debug|Any CPU
		{1DCB706C-251F-4269-9ECB-D5095153EAFA}.Debug|Any CPU.Build.0 = Debug|Any CPU
		{1DCB706C-251F-4269-9ECB-D5095153EAFA}.Release|Any CPU.ActiveCfg = Release|Any CPU
		{1DCB706C-251F-4269-9ECB-D5095153EAFA}.Release|Any CPU.Build.0 = Release|Any CPU
		{A2EC6850-580F-491B-9C19-630DB2FD20E1}.Debug|Any CPU.ActiveCfg = Debug|Any CPU
		{A2EC6850-580F-491B-9C19-630DB2FD20E1}.Debug|Any CPU.Build.0 = Debug|Any CPU
		{A2EC6850-580F-491B-9C19-630DB2FD20E1}.Release|Any CPU.ActiveCfg = Release|Any CPU
		{A2EC6850-580F-491B-9C19-630DB2FD20E1}.Release|Any CPU.Build.0 = Release|Any CPU
		{A7BE0D71-AF1A-49AE-9BCC-999F6A3921C5}.Debug|Any CPU.ActiveCfg = Debug|Any CPU
		{A7BE0D71-AF1A-49AE-9BCC-999F6A3921C5}.Debug|Any CPU.Build.0 = Debug|Any CPU
		{A7BE0D71-AF1A-49AE-9BCC-999F6A3921C5}.Release|Any CPU.ActiveCfg = Release|Any CPU
		{A7BE0D71-AF1A-49AE-9BCC-999F6A3921C5}.Release|Any CPU.Build.0 = Release|Any CPU
	EndGlobalSection
	GlobalSection(SolutionProperties) = preSolution
		HideSolutionNode = FALSE
	EndGlobalSection
	GlobalSection(ExtensibilityGlobals) = postSolution
		SolutionGuid = {C8FC639D-ABF5-4F47-B770-181E3FD4F754}
	EndGlobalSection
EndGlobal
